Microsoft Visual Studio Solution File, Format Version 11.00
# Visual Studio 2008

Project("{BD11537F-1BC3-1E33-4497-EC5463FC575E}") = "P3", "Assembly-CSharp-firstpass.csproj", "{32638346-9223-BA83-E599-66BA7A279E64}"
EndProject
Project("{BD11537F-1BC3-1E33-4497-EC5463FC575E}") = "P3", "Assembly-CSharp.csproj", "{04F83398-B97A-EF6C-1C39-481D0ECF24A8}"
EndProject
Project("{BD11537F-1BC3-1E33-4497-EC5463FC575E}") = "P3", "Assembly-CSharp-Editor.csproj", "{2167A6B1-2FBC-D74C-DFDE-D16763412211}"
EndProject
Project("{BD11537F-1BC3-1E33-4497-EC5463FC575E}") = "P3", "Assembly-UnityScript-firstpass.unityproj", "{0482637B-B9A0-07C6-EBDE-A16B6849BB88}"
EndProject
Project("{BD11537F-1BC3-1E33-4497-EC5463FC575E}") = "P3", "Assembly-UnityScript.unityproj", "{A93F83BA-E459-9C2E-F2A5-D46FB381FF6E}"
EndProject
Project("{BD11537F-1BC3-1E33-4497-EC5463FC575E}") = "P3", "Assembly-UnityScript-Editor.unityproj", "{CC0C8DBF-D608-EBA6-9C00-F70479B8634E}"
EndProject
Global
	GlobalSection(SolutionConfigurationPlatforms) = preSolution
		Debug|Any CPU = Debug|Any CPU
		Release|Any CPU = Release|Any CPU
	EndGlobalSection
	GlobalSection(ProjectConfigurationPlatforms) = postSolution
		{32638346-9223-BA83-E599-66BA7A279E64}.Debug|Any CPU.ActiveCfg = Debug|Any CPU
		{32638346-9223-BA83-E599-66BA7A279E64}.Debug|Any CPU.Build.0 = Debug|Any CPU
		{32638346-9223-BA83-E599-66BA7A279E64}.Release|Any CPU.ActiveCfg = Release|Any CPU
		{32638346-9223-BA83-E599-66BA7A279E64}.Release|Any CPU.Build.0 = Release|Any CPU
		{04F83398-B97A-EF6C-1C39-481D0ECF24A8}.Debug|Any CPU.ActiveCfg = Debug|Any CPU
		{04F83398-B97A-EF6C-1C39-481D0ECF24A8}.Debug|Any CPU.Build.0 = Debug|Any CPU
		{04F83398-B97A-EF6C-1C39-481D0ECF24A8}.Release|Any CPU.ActiveCfg = Release|Any CPU
		{04F83398-B97A-EF6C-1C39-481D0ECF24A8}.Release|Any CPU.Build.0 = Release|Any CPU
		{2167A6B1-2FBC-D74C-DFDE-D16763412211}.Debug|Any CPU.ActiveCfg = Debug|Any CPU
		{2167A6B1-2FBC-D74C-DFDE-D16763412211}.Debug|Any CPU.Build.0 = Debug|Any CPU
		{2167A6B1-2FBC-D74C-DFDE-D16763412211}.Release|Any CPU.ActiveCfg = Release|Any CPU
		{2167A6B1-2FBC-D74C-DFDE-D16763412211}.Release|Any CPU.Build.0 = Release|Any CPU
		{0482637B-B9A0-07C6-EBDE-A16B6849BB88}.Debug|Any CPU.ActiveCfg = Debug|Any CPU
		{0482637B-B9A0-07C6-EBDE-A16B6849BB88}.Debug|Any CPU.Build.0 = Debug|Any CPU
		{0482637B-B9A0-07C6-EBDE-A16B6849BB88}.Release|Any CPU.ActiveCfg = Release|Any CPU
		{0482637B-B9A0-07C6-EBDE-A16B6849BB88}.Release|Any CPU.Build.0 = Release|Any CPU
		{A93F83BA-E459-9C2E-F2A5-D46FB381FF6E}.Debug|Any CPU.ActiveCfg = Debug|Any CPU
		{A93F83BA-E459-9C2E-F2A5-D46FB381FF6E}.Debug|Any CPU.Build.0 = Debug|Any CPU
		{A93F83BA-E459-9C2E-F2A5-D46FB381FF6E}.Release|Any CPU.ActiveCfg = Release|Any CPU
		{A93F83BA-E459-9C2E-F2A5-D46FB381FF6E}.Release|Any CPU.Build.0 = Release|Any CPU
		{CC0C8DBF-D608-EBA6-9C00-F70479B8634E}.Debug|Any CPU.ActiveCfg = Debug|Any CPU
		{CC0C8DBF-D608-EBA6-9C00-F70479B8634E}.Debug|Any CPU.Build.0 = Debug|Any CPU
		{CC0C8DBF-D608-EBA6-9C00-F70479B8634E}.Release|Any CPU.ActiveCfg = Release|Any CPU
		{CC0C8DBF-D608-EBA6-9C00-F70479B8634E}.Release|Any CPU.Build.0 = Release|Any CPU
	EndGlobalSection
	GlobalSection(SolutionProperties) = preSolution
		HideSolutionNode = FALSE
	EndGlobalSection
																																																GlobalSection(MonoDevelopProperties) = preSolution
		StartupItem = Assembly-CSharp.csproj
		Policies = $0
		$0.TextStylePolicy = $1
		$1.inheritsSet = null
		$1.scope = text/x-csharp
		$0.CSharpFormattingPolicy = $2
		$2.inheritsSet = Mono
		$2.inheritsScope = text/x-csharp
		$2.scope = text/x-csharp
		$0.TextStylePolicy = $3
		$3.FileWidth = 120
		$3.TabWidth = 4
		$3.EolMarker = Unix
		$3.inheritsSet = Mono
		$3.inheritsScope = text/plain
		$3.scope = text/plain
	EndGlobalSection

EndGlobal
